
Microsoft Visual Studio Solution File, Format Version 12.00
# Visual Studio Version 17
VisualStudioVersion = 17.6.33829.357
MinimumVisualStudioVersion = 10.0.40219.1
Project("{FAE04EC0-301F-11D3-BF4B-00C04F79EFBC}") = "FactorialProgram", "FactorialProgram.csproj", "{D2175B65-0C52-4A99-8083-50B825FCC238}"
EndProject
Global
	GlobalSection(SolutionConfigurationPlatforms) = preSolution
		Debug|Any CPU = Debug|Any CPU
		Release|Any CPU = Release|Any CPU
	EndGlobalSection
	GlobalSection(ProjectConfigurationPlatforms) = postSolution
		{D2175B65-0C52-4A99-8083-50B825FCC238}.Debug|Any CPU.ActiveCfg = Debug|Any CPU
		{D2175B65-0C52-4A99-8083-50B825FCC238}.Debug|Any CPU.Build.0 = Debug|Any CPU
		{D2175B65-0C52-4A99-8083-50B825FCC238}.Release|Any CPU.ActiveCfg = Release|Any CPU
		{D2175B65-0C52-4A99-8083-50B825FCC238}.Release|Any CPU.Build.0 = Release|Any CPU
	EndGlobalSection
	GlobalSection(SolutionProperties) = preSolution
		HideSolutionNode = FALSE
	EndGlobalSection
	GlobalSection(ExtensibilityGlobals) = postSolution
		SolutionGuid = {F95E1298-879A-4C9B-BFF7-E9E42B8DDD65}
	EndGlobalSection
EndGlobal
