
Microsoft Visual Studio Solution File, Format Version 12.00
# Visual Studio Version 17
VisualStudioVersion = 17.6.33829.357
MinimumVisualStudioVersion = 10.0.40219.1
Project("{FAE04EC0-301F-11D3-BF4B-00C04F79EFBC}") = "LargestThreeNumber", "LargestThreeNumber.csproj", "{4C697081-1F16-4817-A424-53D8E4AE90CA}"
EndProject
Global
	GlobalSection(SolutionConfigurationPlatforms) = preSolution
		Debug|Any CPU = Debug|Any CPU
		Release|Any CPU = Release|Any CPU
	EndGlobalSection
	GlobalSection(ProjectConfigurationPlatforms) = postSolution
		{4C697081-1F16-4817-A424-53D8E4AE90CA}.Debug|Any CPU.ActiveCfg = Debug|Any CPU
		{4C697081-1F16-4817-A424-53D8E4AE90CA}.Debug|Any CPU.Build.0 = Debug|Any CPU
		{4C697081-1F16-4817-A424-53D8E4AE90CA}.Release|Any CPU.ActiveCfg = Release|Any CPU
		{4C697081-1F16-4817-A424-53D8E4AE90CA}.Release|Any CPU.Build.0 = Release|Any CPU
	EndGlobalSection
	GlobalSection(SolutionProperties) = preSolution
		HideSolutionNode = FALSE
	EndGlobalSection
	GlobalSection(ExtensibilityGlobals) = postSolution
		SolutionGuid = {C3AAA8DA-CE7E-48DF-92DF-B36BB91125DF}
	EndGlobalSection
EndGlobal
