
Microsoft Visual Studio Solution File, Format Version 12.00
# Visual Studio Version 17
VisualStudioVersion = 17.6.33829.357
MinimumVisualStudioVersion = 10.0.40219.1
Project("{FAE04EC0-301F-11D3-BF4B-00C04F79EFBC}") = "Instance1", "Instance1.csproj", "{EE03C379-3CFD-46A7-AA19-1C11B99D3487}"
EndProject
Global
	GlobalSection(SolutionConfigurationPlatforms) = preSolution
		Debug|Any CPU = Debug|Any CPU
		Release|Any CPU = Release|Any CPU
	EndGlobalSection
	GlobalSection(ProjectConfigurationPlatforms) = postSolution
		{EE03C379-3CFD-46A7-AA19-1C11B99D3487}.Debug|Any CPU.ActiveCfg = Debug|Any CPU
		{EE03C379-3CFD-46A7-AA19-1C11B99D3487}.Debug|Any CPU.Build.0 = Debug|Any CPU
		{EE03C379-3CFD-46A7-AA19-1C11B99D3487}.Release|Any CPU.ActiveCfg = Release|Any CPU
		{EE03C379-3CFD-46A7-AA19-1C11B99D3487}.Release|Any CPU.Build.0 = Release|Any CPU
	EndGlobalSection
	GlobalSection(SolutionProperties) = preSolution
		HideSolutionNode = FALSE
	EndGlobalSection
	GlobalSection(ExtensibilityGlobals) = postSolution
		SolutionGuid = {099C6D6A-7E58-412F-8BE1-D8B79A86E1F4}
	EndGlobalSection
EndGlobal
