
Microsoft Visual Studio Solution File, Format Version 12.00
# Visual Studio Version 17
VisualStudioVersion = 17.6.33829.357
MinimumVisualStudioVersion = 10.0.40219.1
Project("{FAE04EC0-301F-11D3-BF4B-00C04F79EFBC}") = "1_SumOf_Integer", "1_SumOf_Integer.csproj", "{56BFD3A3-3341-4F6C-81F4-09681A7E660D}"
EndProject
Global
	GlobalSection(SolutionConfigurationPlatforms) = preSolution
		Debug|Any CPU = Debug|Any CPU
		Release|Any CPU = Release|Any CPU
	EndGlobalSection
	GlobalSection(ProjectConfigurationPlatforms) = postSolution
		{56BFD3A3-3341-4F6C-81F4-09681A7E660D}.Debug|Any CPU.ActiveCfg = Debug|Any CPU
		{56BFD3A3-3341-4F6C-81F4-09681A7E660D}.Debug|Any CPU.Build.0 = Debug|Any CPU
		{56BFD3A3-3341-4F6C-81F4-09681A7E660D}.Release|Any CPU.ActiveCfg = Release|Any CPU
		{56BFD3A3-3341-4F6C-81F4-09681A7E660D}.Release|Any CPU.Build.0 = Release|Any CPU
	EndGlobalSection
	GlobalSection(SolutionProperties) = preSolution
		HideSolutionNode = FALSE
	EndGlobalSection
	GlobalSection(ExtensibilityGlobals) = postSolution
		SolutionGuid = {6F046EAA-24D5-4F51-A642-DC1B27826BAA}
	EndGlobalSection
EndGlobal
