
Microsoft Visual Studio Solution File, Format Version 12.00
# Visual Studio Version 17
VisualStudioVersion = 17.6.33829.357
MinimumVisualStudioVersion = 10.0.40219.1
Project("{FAE04EC0-301F-11D3-BF4B-00C04F79EFBC}") = "5_Reverse_Element", "5_Reverse_Element.csproj", "{B42E1C1D-66A7-4E1B-B06D-91E49ABB19F3}"
EndProject
Global
	GlobalSection(SolutionConfigurationPlatforms) = preSolution
		Debug|Any CPU = Debug|Any CPU
		Release|Any CPU = Release|Any CPU
	EndGlobalSection
	GlobalSection(ProjectConfigurationPlatforms) = postSolution
		{B42E1C1D-66A7-4E1B-B06D-91E49ABB19F3}.Debug|Any CPU.ActiveCfg = Debug|Any CPU
		{B42E1C1D-66A7-4E1B-B06D-91E49ABB19F3}.Debug|Any CPU.Build.0 = Debug|Any CPU
		{B42E1C1D-66A7-4E1B-B06D-91E49ABB19F3}.Release|Any CPU.ActiveCfg = Release|Any CPU
		{B42E1C1D-66A7-4E1B-B06D-91E49ABB19F3}.Release|Any CPU.Build.0 = Release|Any CPU
	EndGlobalSection
	GlobalSection(SolutionProperties) = preSolution
		HideSolutionNode = FALSE
	EndGlobalSection
	GlobalSection(ExtensibilityGlobals) = postSolution
		SolutionGuid = {E76C5D3C-413C-434C-991F-8DC59D053118}
	EndGlobalSection
EndGlobal
